
Microsoft Visual Studio Solution File, Format Version 12.00
# Visual Studio Version 17
VisualStudioVersion = 17.3.32929.385
MinimumVisualStudioVersion = 10.0.40219.1
Project("{FAE04EC0-301F-11D3-BF4B-00C04F79EFBC}") = "TechoserviceZininaMatveeva", "TechoserviceZininaMatveeva.csproj", "{DC0DFAC3-BECD-49B4-8C17-6B845B016126}"
EndProject
Global
	GlobalSection(SolutionConfigurationPlatforms) = preSolution
		Debug|Any CPU = Debug|Any CPU
		Release|Any CPU = Release|Any CPU
	EndGlobalSection
	GlobalSection(ProjectConfigurationPlatforms) = postSolution
		{DC0DFAC3-BECD-49B4-8C17-6B845B016126}.Debug|Any CPU.ActiveCfg = Debug|Any CPU
		{DC0DFAC3-BECD-49B4-8C17-6B845B016126}.Debug|Any CPU.Build.0 = Debug|Any CPU
		{DC0DFAC3-BECD-49B4-8C17-6B845B016126}.Release|Any CPU.ActiveCfg = Release|Any CPU
		{DC0DFAC3-BECD-49B4-8C17-6B845B016126}.Release|Any CPU.Build.0 = Release|Any CPU
	EndGlobalSection
	GlobalSection(SolutionProperties) = preSolution
		HideSolutionNode = FALSE
	EndGlobalSection
	GlobalSection(ExtensibilityGlobals) = postSolution
		SolutionGuid = {8F071C77-2981-4039-B228-1539ECB97E40}
	EndGlobalSection
EndGlobal
